// !$*UTF8*$!
{
	archiveVersion = 1;
	classes = {
	};
	objectVersion = 50;
	objects = {

/* Begin PBXBuildFile section */
		A9138CCD22AE77E900381A46 /* moviesShowcaseData.json in Resources */ = {isa = PBXBuildFile; fileRef = A9138CCC22AE77E900381A46 /* moviesShowcaseData.json */; };
		A9138CD622AE785B00381A46 /* Reducable.swift in Sources */ = {isa = PBXBuildFile; fileRef = A9138CCF22AE785B00381A46 /* Reducable.swift */; };
		A9138CD722AE785B00381A46 /* Reducer.swift in Sources */ = {isa = PBXBuildFile; fileRef = A9138CD022AE785B00381A46 /* Reducer.swift */; };
		A9138CD822AE785B00381A46 /* StoreProvider.swift in Sources */ = {isa = PBXBuildFile; fileRef = A9138CD122AE785B00381A46 /* StoreProvider.swift */; };
		A9138CD922AE785B00381A46 /* StoreConnector.swift in Sources */ = {isa = PBXBuildFile; fileRef = A9138CD222AE785B00381A46 /* StoreConnector.swift */; };
		A9138CDA22AE785B00381A46 /* ConnectedView.swift in Sources */ = {isa = PBXBuildFile; fileRef = A9138CD322AE785B00381A46 /* ConnectedView.swift */; };
		A9138CDB22AE785B00381A46 /* Store.swift in Sources */ = {isa = PBXBuildFile; fileRef = A9138CD422AE785B00381A46 /* Store.swift */; };
		A9138CDC22AE785B00381A46 /* Action.swift in Sources */ = {isa = PBXBuildFile; fileRef = A9138CD522AE785B00381A46 /* Action.swift */; };
		A966AB2222AE807700FBF6DD /* ImageLoader.swift in Sources */ = {isa = PBXBuildFile; fileRef = A966AB2022AE7F8900FBF6DD /* ImageLoader.swift */; };
		A966AB2422AE81DA00FBF6DD /* RemoteImage.swift in Sources */ = {isa = PBXBuildFile; fileRef = A966AB1E22AE7F6600FBF6DD /* RemoteImage.swift */; };
		A9ABE71522AE765000E663E2 /* Assets.xcassets in Resources */ = {isa = PBXBuildFile; fileRef = A9ABE71422AE765000E663E2 /* Assets.xcassets */; };
		A9ABE71B22AE765000E663E2 /* LaunchScreen.storyboard in Resources */ = {isa = PBXBuildFile; fileRef = A9ABE71922AE765000E663E2 /* LaunchScreen.storyboard */; };
		A9ABE72622AE765000E663E2 /* TheMovieDBTests.swift in Sources */ = {isa = PBXBuildFile; fileRef = A9ABE72522AE765000E663E2 /* TheMovieDBTests.swift */; };
		A9ABE73122AE765000E663E2 /* TheMovieDBUITests.swift in Sources */ = {isa = PBXBuildFile; fileRef = A9ABE73022AE765000E663E2 /* TheMovieDBUITests.swift */; };
		A9ABE75322AE76BC00E663E2 /* MovieReleaseDateFormat.swift in Sources */ = {isa = PBXBuildFile; fileRef = A9ABE74122AE76BC00E663E2 /* MovieReleaseDateFormat.swift */; };
		A9ABE75422AE76BC00E663E2 /* Movie.swift in Sources */ = {isa = PBXBuildFile; fileRef = A9ABE74222AE76BC00E663E2 /* Movie.swift */; };
		A9ABE75522AE76BC00E663E2 /* ShowcaseMovies.swift in Sources */ = {isa = PBXBuildFile; fileRef = A9ABE74322AE76BC00E663E2 /* ShowcaseMovies.swift */; };
		A9ABE75622AE76BC00E663E2 /* Preview Assets.xcassets in Resources */ = {isa = PBXBuildFile; fileRef = A9ABE74522AE76BC00E663E2 /* Preview Assets.xcassets */; };
		A9ABE75722AE76BC00E663E2 /* FavoriteMoviesState.swift in Sources */ = {isa = PBXBuildFile; fileRef = A9ABE74722AE76BC00E663E2 /* FavoriteMoviesState.swift */; };
		A9ABE75822AE76BC00E663E2 /* State.swift in Sources */ = {isa = PBXBuildFile; fileRef = A9ABE74822AE76BC00E663E2 /* State.swift */; };
		A9ABE75922AE76BC00E663E2 /* ToggleMovieFavorite.swift in Sources */ = {isa = PBXBuildFile; fileRef = A9ABE74A22AE76BC00E663E2 /* ToggleMovieFavorite.swift */; };
		A9ABE75A22AE76BC00E663E2 /* ToggleFavoritesOnly.swift in Sources */ = {isa = PBXBuildFile; fileRef = A9ABE74B22AE76BC00E663E2 /* ToggleFavoritesOnly.swift */; };
		A9ABE75B22AE76BC00E663E2 /* AppDelegate.swift in Sources */ = {isa = PBXBuildFile; fileRef = A9ABE74C22AE76BC00E663E2 /* AppDelegate.swift */; };
		A9ABE75C22AE76BC00E663E2 /* MoviesList.swift in Sources */ = {isa = PBXBuildFile; fileRef = A9ABE74E22AE76BC00E663E2 /* MoviesList.swift */; };
		A9ABE75D22AE76BC00E663E2 /* MovieDetail.swift in Sources */ = {isa = PBXBuildFile; fileRef = A9ABE74F22AE76BC00E663E2 /* MovieDetail.swift */; };
		A9ABE75E22AE76BC00E663E2 /* MovieRow.swift in Sources */ = {isa = PBXBuildFile; fileRef = A9ABE75022AE76BC00E663E2 /* MovieRow.swift */; };
		A9ABE75F22AE76BC00E663E2 /* ContentView.swift in Sources */ = {isa = PBXBuildFile; fileRef = A9ABE75122AE76BC00E663E2 /* ContentView.swift */; };
		A9ABE76022AE76BC00E663E2 /* SceneDelegate.swift in Sources */ = {isa = PBXBuildFile; fileRef = A9ABE75222AE76BC00E663E2 /* SceneDelegate.swift */; };
/* End PBXBuildFile section */

/* Begin PBXContainerItemProxy section */
		A9ABE72222AE765000E663E2 /* PBXContainerItemProxy */ = {
			isa = PBXContainerItemProxy;
			containerPortal = A9ABE70322AE764F00E663E2 /* Project object */;
			proxyType = 1;
			remoteGlobalIDString = A9ABE70A22AE764F00E663E2;
			remoteInfo = TheMovieDB;
		};
		A9ABE72D22AE765000E663E2 /* PBXContainerItemProxy */ = {
			isa = PBXContainerItemProxy;
			containerPortal = A9ABE70322AE764F00E663E2 /* Project object */;
			proxyType = 1;
			remoteGlobalIDString = A9ABE70A22AE764F00E663E2;
			remoteInfo = TheMovieDB;
		};
/* End PBXContainerItemProxy section */

/* Begin PBXFileReference section */
		A9138CCC22AE77E900381A46 /* moviesShowcaseData.json */ = {isa = PBXFileReference; fileEncoding = 4; lastKnownFileType = text.json; path = moviesShowcaseData.json; sourceTree = "<group>"; };
		A9138CCF22AE785B00381A46 /* Reducable.swift */ = {isa = PBXFileReference; fileEncoding = 4; lastKnownFileType = sourcecode.swift; path = Reducable.swift; sourceTree = "<group>"; };
		A9138CD022AE785B00381A46 /* Reducer.swift */ = {isa = PBXFileReference; fileEncoding = 4; lastKnownFileType = sourcecode.swift; path = Reducer.swift; sourceTree = "<group>"; };
		A9138CD122AE785B00381A46 /* StoreProvider.swift */ = {isa = PBXFileReference; fileEncoding = 4; lastKnownFileType = sourcecode.swift; path = StoreProvider.swift; sourceTree = "<group>"; };
		A9138CD222AE785B00381A46 /* StoreConnector.swift */ = {isa = PBXFileReference; fileEncoding = 4; lastKnownFileType = sourcecode.swift; path = StoreConnector.swift; sourceTree = "<group>"; };
		A9138CD322AE785B00381A46 /* ConnectedView.swift */ = {isa = PBXFileReference; fileEncoding = 4; lastKnownFileType = sourcecode.swift; path = ConnectedView.swift; sourceTree = "<group>"; };
		A9138CD422AE785B00381A46 /* Store.swift */ = {isa = PBXFileReference; fileEncoding = 4; lastKnownFileType = sourcecode.swift; path = Store.swift; sourceTree = "<group>"; };
		A9138CD522AE785B00381A46 /* Action.swift */ = {isa = PBXFileReference; fileEncoding = 4; lastKnownFileType = sourcecode.swift; path = Action.swift; sourceTree = "<group>"; };
		A966AB1E22AE7F6600FBF6DD /* RemoteImage.swift */ = {isa = PBXFileReference; lastKnownFileType = sourcecode.swift; path = RemoteImage.swift; sourceTree = "<group>"; };
		A966AB2022AE7F8900FBF6DD /* ImageLoader.swift */ = {isa = PBXFileReference; lastKnownFileType = sourcecode.swift; path = ImageLoader.swift; sourceTree = "<group>"; };
		A9ABE70B22AE764F00E663E2 /* TheMovieDB.app */ = {isa = PBXFileReference; explicitFileType = wrapper.application; includeInIndex = 0; path = TheMovieDB.app; sourceTree = BUILT_PRODUCTS_DIR; };
		A9ABE71422AE765000E663E2 /* Assets.xcassets */ = {isa = PBXFileReference; lastKnownFileType = folder.assetcatalog; path = Assets.xcassets; sourceTree = "<group>"; };
		A9ABE71A22AE765000E663E2 /* Base */ = {isa = PBXFileReference; lastKnownFileType = file.storyboard; name = Base; path = Base.lproj/LaunchScreen.storyboard; sourceTree = "<group>"; };
		A9ABE71C22AE765000E663E2 /* Info.plist */ = {isa = PBXFileReference; lastKnownFileType = text.plist.xml; path = Info.plist; sourceTree = "<group>"; };
		A9ABE72122AE765000E663E2 /* TheMovieDBTests.xctest */ = {isa = PBXFileReference; explicitFileType = wrapper.cfbundle; includeInIndex = 0; path = TheMovieDBTests.xctest; sourceTree = BUILT_PRODUCTS_DIR; };
		A9ABE72522AE765000E663E2 /* TheMovieDBTests.swift */ = {isa = PBXFileReference; lastKnownFileType = sourcecode.swift; path = TheMovieDBTests.swift; sourceTree = "<group>"; };
		A9ABE72722AE765000E663E2 /* Info.plist */ = {isa = PBXFileReference; lastKnownFileType = text.plist.xml; path = Info.plist; sourceTree = "<group>"; };
		A9ABE72C22AE765000E663E2 /* TheMovieDBUITests.xctest */ = {isa = PBXFileReference; explicitFileType = wrapper.cfbundle; includeInIndex = 0; path = TheMovieDBUITests.xctest; sourceTree = BUILT_PRODUCTS_DIR; };
		A9ABE73022AE765000E663E2 /* TheMovieDBUITests.swift */ = {isa = PBXFileReference; lastKnownFileType = sourcecode.swift; path = TheMovieDBUITests.swift; sourceTree = "<group>"; };
		A9ABE73222AE765000E663E2 /* Info.plist */ = {isa = PBXFileReference; lastKnownFileType = text.plist.xml; path = Info.plist; sourceTree = "<group>"; };
		A9ABE74122AE76BC00E663E2 /* MovieReleaseDateFormat.swift */ = {isa = PBXFileReference; fileEncoding = 4; lastKnownFileType = sourcecode.swift; path = MovieReleaseDateFormat.swift; sourceTree = "<group>"; };
		A9ABE74222AE76BC00E663E2 /* Movie.swift */ = {isa = PBXFileReference; fileEncoding = 4; lastKnownFileType = sourcecode.swift; path = Movie.swift; sourceTree = "<group>"; };
		A9ABE74322AE76BC00E663E2 /* ShowcaseMovies.swift */ = {isa = PBXFileReference; fileEncoding = 4; lastKnownFileType = sourcecode.swift; path = ShowcaseMovies.swift; sourceTree = "<group>"; };
		A9ABE74522AE76BC00E663E2 /* Preview Assets.xcassets */ = {isa = PBXFileReference; lastKnownFileType = folder.assetcatalog; path = "Preview Assets.xcassets"; sourceTree = "<group>"; };
		A9ABE74722AE76BC00E663E2 /* FavoriteMoviesState.swift */ = {isa = PBXFileReference; fileEncoding = 4; lastKnownFileType = sourcecode.swift; path = FavoriteMoviesState.swift; sourceTree = "<group>"; };
		A9ABE74822AE76BC00E663E2 /* State.swift */ = {isa = PBXFileReference; fileEncoding = 4; lastKnownFileType = sourcecode.swift; path = State.swift; sourceTree = "<group>"; };
		A9ABE74A22AE76BC00E663E2 /* ToggleMovieFavorite.swift */ = {isa = PBXFileReference; fileEncoding = 4; lastKnownFileType = sourcecode.swift; path = ToggleMovieFavorite.swift; sourceTree = "<group>"; };
		A9ABE74B22AE76BC00E663E2 /* ToggleFavoritesOnly.swift */ = {isa = PBXFileReference; fileEncoding = 4; lastKnownFileType = sourcecode.swift; path = ToggleFavoritesOnly.swift; sourceTree = "<group>"; };
		A9ABE74C22AE76BC00E663E2 /* AppDelegate.swift */ = {isa = PBXFileReference; fileEncoding = 4; lastKnownFileType = sourcecode.swift; path = AppDelegate.swift; sourceTree = "<group>"; };
		A9ABE74E22AE76BC00E663E2 /* MoviesList.swift */ = {isa = PBXFileReference; fileEncoding = 4; lastKnownFileType = sourcecode.swift; path = MoviesList.swift; sourceTree = "<group>"; };
		A9ABE74F22AE76BC00E663E2 /* MovieDetail.swift */ = {isa = PBXFileReference; fileEncoding = 4; lastKnownFileType = sourcecode.swift; path = MovieDetail.swift; sourceTree = "<group>"; };
		A9ABE75022AE76BC00E663E2 /* MovieRow.swift */ = {isa = PBXFileReference; fileEncoding = 4; lastKnownFileType = sourcecode.swift; path = MovieRow.swift; sourceTree = "<group>"; };
		A9ABE75122AE76BC00E663E2 /* ContentView.swift */ = {isa = PBXFileReference; fileEncoding = 4; lastKnownFileType = sourcecode.swift; path = ContentView.swift; sourceTree = "<group>"; };
		A9ABE75222AE76BC00E663E2 /* SceneDelegate.swift */ = {isa = PBXFileReference; fileEncoding = 4; lastKnownFileType = sourcecode.swift; path = SceneDelegate.swift; sourceTree = "<group>"; };
/* End PBXFileReference section */

/* Begin PBXFrameworksBuildPhase section */
		A9ABE70822AE764F00E663E2 /* Frameworks */ = {
			isa = PBXFrameworksBuildPhase;
			buildActionMask = 2147483647;
			files = (
			);
			runOnlyForDeploymentPostprocessing = 0;
		};
		A9ABE71E22AE765000E663E2 /* Frameworks */ = {
			isa = PBXFrameworksBuildPhase;
			buildActionMask = 2147483647;
			files = (
			);
			runOnlyForDeploymentPostprocessing = 0;
		};
		A9ABE72922AE765000E663E2 /* Frameworks */ = {
			isa = PBXFrameworksBuildPhase;
			buildActionMask = 2147483647;
			files = (
			);
			runOnlyForDeploymentPostprocessing = 0;
		};
/* End PBXFrameworksBuildPhase section */

/* Begin PBXGroup section */
		A9138CCE22AE785B00381A46 /* UnicoreSwiftUI */ = {
			isa = PBXGroup;
			children = (
				A9138CCF22AE785B00381A46 /* Reducable.swift */,
				A9138CD022AE785B00381A46 /* Reducer.swift */,
				A9138CD122AE785B00381A46 /* StoreProvider.swift */,
				A9138CD222AE785B00381A46 /* StoreConnector.swift */,
				A9138CD322AE785B00381A46 /* ConnectedView.swift */,
				A9138CD422AE785B00381A46 /* Store.swift */,
				A9138CD522AE785B00381A46 /* Action.swift */,
			);
			path = UnicoreSwiftUI;
			sourceTree = "<group>";
		};
		A9138CDD22AE790E00381A46 /* ImageDownloader */ = {
			isa = PBXGroup;
			children = (
				A966AB1E22AE7F6600FBF6DD /* RemoteImage.swift */,
				A966AB2022AE7F8900FBF6DD /* ImageLoader.swift */,
			);
			path = ImageDownloader;
			sourceTree = "<group>";
		};
		A9ABE70222AE764F00E663E2 = {
			isa = PBXGroup;
			children = (
				A9138CDD22AE790E00381A46 /* ImageDownloader */,
				A9138CCE22AE785B00381A46 /* UnicoreSwiftUI */,
				A9ABE73F22AE76BC00E663E2 /* TheMovieDB */,
				A9ABE73E22AE769100E663E2 /* Resources */,
				A9ABE72422AE765000E663E2 /* TheMovieDBTests */,
				A9ABE72F22AE765000E663E2 /* TheMovieDBUITests */,
				A9ABE70C22AE764F00E663E2 /* Products */,
			);
			sourceTree = "<group>";
		};
		A9ABE70C22AE764F00E663E2 /* Products */ = {
			isa = PBXGroup;
			children = (
				A9ABE70B22AE764F00E663E2 /* TheMovieDB.app */,
				A9ABE72122AE765000E663E2 /* TheMovieDBTests.xctest */,
				A9ABE72C22AE765000E663E2 /* TheMovieDBUITests.xctest */,
			);
			name = Products;
			sourceTree = "<group>";
		};
		A9ABE72422AE765000E663E2 /* TheMovieDBTests */ = {
			isa = PBXGroup;
			children = (
				A9ABE72522AE765000E663E2 /* TheMovieDBTests.swift */,
				A9ABE72722AE765000E663E2 /* Info.plist */,
			);
			path = TheMovieDBTests;
			sourceTree = "<group>";
		};
		A9ABE72F22AE765000E663E2 /* TheMovieDBUITests */ = {
			isa = PBXGroup;
			children = (
				A9ABE73022AE765000E663E2 /* TheMovieDBUITests.swift */,
				A9ABE73222AE765000E663E2 /* Info.plist */,
			);
			path = TheMovieDBUITests;
			sourceTree = "<group>";
		};
		A9ABE73E22AE769100E663E2 /* Resources */ = {
			isa = PBXGroup;
			children = (
				A9138CCC22AE77E900381A46 /* moviesShowcaseData.json */,
				A9ABE71422AE765000E663E2 /* Assets.xcassets */,
				A9ABE71922AE765000E663E2 /* LaunchScreen.storyboard */,
				A9ABE71C22AE765000E663E2 /* Info.plist */,
			);
			path = Resources;
			sourceTree = "<group>";
		};
		A9ABE73F22AE76BC00E663E2 /* TheMovieDB */ = {
			isa = PBXGroup;
			children = (
				A9ABE74022AE76BC00E663E2 /* Models */,
				A9ABE74422AE76BC00E663E2 /* Preview Content */,
				A9ABE74622AE76BC00E663E2 /* State */,
				A9ABE74922AE76BC00E663E2 /* Actions */,
				A9ABE74C22AE76BC00E663E2 /* AppDelegate.swift */,
				A9ABE74D22AE76BC00E663E2 /* Views */,
				A9ABE75122AE76BC00E663E2 /* ContentView.swift */,
				A9ABE75222AE76BC00E663E2 /* SceneDelegate.swift */,
			);
			path = TheMovieDB;
			sourceTree = "<group>";
		};
		A9ABE74022AE76BC00E663E2 /* Models */ = {
			isa = PBXGroup;
			children = (
				A9ABE74122AE76BC00E663E2 /* MovieReleaseDateFormat.swift */,
				A9ABE74222AE76BC00E663E2 /* Movie.swift */,
				A9ABE74322AE76BC00E663E2 /* ShowcaseMovies.swift */,
			);
			path = Models;
			sourceTree = "<group>";
		};
		A9ABE74422AE76BC00E663E2 /* Preview Content */ = {
			isa = PBXGroup;
			children = (
				A9ABE74522AE76BC00E663E2 /* Preview Assets.xcassets */,
			);
			path = "Preview Content";
			sourceTree = "<group>";
		};
		A9ABE74622AE76BC00E663E2 /* State */ = {
			isa = PBXGroup;
			children = (
				A9ABE74722AE76BC00E663E2 /* FavoriteMoviesState.swift */,
				A9ABE74822AE76BC00E663E2 /* State.swift */,
			);
			path = State;
			sourceTree = "<group>";
		};
		A9ABE74922AE76BC00E663E2 /* Actions */ = {
			isa = PBXGroup;
			children = (
				A9ABE74A22AE76BC00E663E2 /* ToggleMovieFavorite.swift */,
				A9ABE74B22AE76BC00E663E2 /* ToggleFavoritesOnly.swift */,
			);
			path = Actions;
			sourceTree = "<group>";
		};
		A9ABE74D22AE76BC00E663E2 /* Views */ = {
			isa = PBXGroup;
			children = (
				A9ABE74E22AE76BC00E663E2 /* MoviesList.swift */,
				A9ABE74F22AE76BC00E663E2 /* MovieDetail.swift */,
				A9ABE75022AE76BC00E663E2 /* MovieRow.swift */,
			);
			path = Views;
			sourceTree = "<group>";
		};
/* End PBXGroup section */

/* Begin PBXNativeTarget section */
		A9ABE70A22AE764F00E663E2 /* TheMovieDB */ = {
			isa = PBXNativeTarget;
			buildConfigurationList = A9ABE73522AE765000E663E2 /* Build configuration list for PBXNativeTarget "TheMovieDB" */;
			buildPhases = (
				A9ABE70722AE764F00E663E2 /* Sources */,
				A9ABE70822AE764F00E663E2 /* Frameworks */,
				A9ABE70922AE764F00E663E2 /* Resources */,
			);
			buildRules = (
			);
			dependencies = (
			);
			name = TheMovieDB;
			productName = TheMovieDB;
			productReference = A9ABE70B22AE764F00E663E2 /* TheMovieDB.app */;
			productType = "com.apple.product-type.application";
		};
		A9ABE72022AE765000E663E2 /* TheMovieDBTests */ = {
			isa = PBXNativeTarget;
			buildConfigurationList = A9ABE73822AE765000E663E2 /* Build configuration list for PBXNativeTarget "TheMovieDBTests" */;
			buildPhases = (
				A9ABE71D22AE765000E663E2 /* Sources */,
				A9ABE71E22AE765000E663E2 /* Frameworks */,
				A9ABE71F22AE765000E663E2 /* Resources */,
			);
			buildRules = (
			);
			dependencies = (
				A9ABE72322AE765000E663E2 /* PBXTargetDependency */,
			);
			name = TheMovieDBTests;
			productName = TheMovieDBTests;
			productReference = A9ABE72122AE765000E663E2 /* TheMovieDBTests.xctest */;
			productType = "com.apple.product-type.bundle.unit-test";
		};
		A9ABE72B22AE765000E663E2 /* TheMovieDBUITests */ = {
			isa = PBXNativeTarget;
			buildConfigurationList = A9ABE73B22AE765000E663E2 /* Build configuration list for PBXNativeTarget "TheMovieDBUITests" */;
			buildPhases = (
				A9ABE72822AE765000E663E2 /* Sources */,
				A9ABE72922AE765000E663E2 /* Frameworks */,
				A9ABE72A22AE765000E663E2 /* Resources */,
			);
			buildRules = (
			);
			dependencies = (
				A9ABE72E22AE765000E663E2 /* PBXTargetDependency */,
			);
			name = TheMovieDBUITests;
			productName = TheMovieDBUITests;
			productReference = A9ABE72C22AE765000E663E2 /* TheMovieDBUITests.xctest */;
			productType = "com.apple.product-type.bundle.ui-testing";
		};
/* End PBXNativeTarget section */

/* Begin PBXProject section */
		A9ABE70322AE764F00E663E2 /* Project object */ = {
			isa = PBXProject;
			attributes = {
				LastSwiftUpdateCheck = 1100;
				LastUpgradeCheck = 1100;
				ORGANIZATIONNAME = "Maxim Bazarov";
				TargetAttributes = {
					A9ABE70A22AE764F00E663E2 = {
						CreatedOnToolsVersion = 11.0;
					};
					A9ABE72022AE765000E663E2 = {
						CreatedOnToolsVersion = 11.0;
						TestTargetID = A9ABE70A22AE764F00E663E2;
					};
					A9ABE72B22AE765000E663E2 = {
						CreatedOnToolsVersion = 11.0;
						TestTargetID = A9ABE70A22AE764F00E663E2;
					};
				};
			};
			buildConfigurationList = A9ABE70622AE764F00E663E2 /* Build configuration list for PBXProject "TheMovieDB" */;
			compatibilityVersion = "Xcode 9.3";
			developmentRegion = en;
			hasScannedForEncodings = 0;
			knownRegions = (
				en,
				Base,
			);
			mainGroup = A9ABE70222AE764F00E663E2;
			productRefGroup = A9ABE70C22AE764F00E663E2 /* Products */;
			projectDirPath = "";
			projectRoot = "";
			targets = (
				A9ABE70A22AE764F00E663E2 /* TheMovieDB */,
				A9ABE72022AE765000E663E2 /* TheMovieDBTests */,
				A9ABE72B22AE765000E663E2 /* TheMovieDBUITests */,
			);
		};
/* End PBXProject section */

/* Begin PBXResourcesBuildPhase section */
		A9ABE70922AE764F00E663E2 /* Resources */ = {
			isa = PBXResourcesBuildPhase;
			buildActionMask = 2147483647;
			files = (
				A9ABE71B22AE765000E663E2 /* LaunchScreen.storyboard in Resources */,
				A9138CCD22AE77E900381A46 /* moviesShowcaseData.json in Resources */,
				A9ABE75622AE76BC00E663E2 /* Preview Assets.xcassets in Resources */,
				A9ABE71522AE765000E663E2 /* Assets.xcassets in Resources */,
			);
			runOnlyForDeploymentPostprocessing = 0;
		};
		A9ABE71F22AE765000E663E2 /* Resources */ = {
			isa = PBXResourcesBuildPhase;
			buildActionMask = 2147483647;
			files = (
			);
			runOnlyForDeploymentPostprocessing = 0;
		};
		A9ABE72A22AE765000E663E2 /* Resources */ = {
			isa = PBXResourcesBuildPhase;
			buildActionMask = 2147483647;
			files = (
			);
			runOnlyForDeploymentPostprocessing = 0;
		};
/* End PBXResourcesBuildPhase section */

/* Begin PBXSourcesBuildPhase section */
		A9ABE70722AE764F00E663E2 /* Sources */ = {
			isa = PBXSourcesBuildPhase;
			buildActionMask = 2147483647;
			files = (
				A9ABE75B22AE76BC00E663E2 /* AppDelegate.swift in Sources */,
				A9ABE75722AE76BC00E663E2 /* FavoriteMoviesState.swift in Sources */,
				A9ABE75F22AE76BC00E663E2 /* ContentView.swift in Sources */,
				A9ABE75422AE76BC00E663E2 /* Movie.swift in Sources */,
				A9ABE75A22AE76BC00E663E2 /* ToggleFavoritesOnly.swift in Sources */,
				A9ABE75522AE76BC00E663E2 /* ShowcaseMovies.swift in Sources */,
				A9138CD822AE785B00381A46 /* StoreProvider.swift in Sources */,
				A9ABE75E22AE76BC00E663E2 /* MovieRow.swift in Sources */,
				A9138CDA22AE785B00381A46 /* ConnectedView.swift in Sources */,
				A9ABE75822AE76BC00E663E2 /* State.swift in Sources */,
				A9138CD722AE785B00381A46 /* Reducer.swift in Sources */,
				A9ABE76022AE76BC00E663E2 /* SceneDelegate.swift in Sources */,
				A9ABE75922AE76BC00E663E2 /* ToggleMovieFavorite.swift in Sources */,
				A9138CDC22AE785B00381A46 /* Action.swift in Sources */,
				A966AB2222AE807700FBF6DD /* ImageLoader.swift in Sources */,
				A966AB2422AE81DA00FBF6DD /* RemoteImage.swift in Sources */,
				A9ABE75D22AE76BC00E663E2 /* MovieDetail.swift in Sources */,
				A9138CDB22AE785B00381A46 /* Store.swift in Sources */,
				A9138CD622AE785B00381A46 /* Reducable.swift in Sources */,
				A9138CD922AE785B00381A46 /* StoreConnector.swift in Sources */,
				A9ABE75322AE76BC00E663E2 /* MovieReleaseDateFormat.swift in Sources */,
				A9ABE75C22AE76BC00E663E2 /* MoviesList.swift in Sources */,
			);
			runOnlyForDeploymentPostprocessing = 0;
		};
		A9ABE71D22AE765000E663E2 /* Sources */ = {
			isa = PBXSourcesBuildPhase;
			buildActionMask = 2147483647;
			files = (
				A9ABE72622AE765000E663E2 /* TheMovieDBTests.swift in Sources */,
			);
			runOnlyForDeploymentPostprocessing = 0;
		};
		A9ABE72822AE765000E663E2 /* Sources */ = {
			isa = PBXSourcesBuildPhase;
			buildActionMask = 2147483647;
			files = (
				A9ABE73122AE765000E663E2 /* TheMovieDBUITests.swift in Sources */,
			);
			runOnlyForDeploymentPostprocessing = 0;
		};
/* End PBXSourcesBuildPhase section */

/* Begin PBXTargetDependency section */
		A9ABE72322AE765000E663E2 /* PBXTargetDependency */ = {
			isa = PBXTargetDependency;
			target = A9ABE70A22AE764F00E663E2 /* TheMovieDB */;
			targetProxy = A9ABE72222AE765000E663E2 /* PBXContainerItemProxy */;
		};
		A9ABE72E22AE765000E663E2 /* PBXTargetDependency */ = {
			isa = PBXTargetDependency;
			target = A9ABE70A22AE764F00E663E2 /* TheMovieDB */;
			targetProxy = A9ABE72D22AE765000E663E2 /* PBXContainerItemProxy */;
		};
/* End PBXTargetDependency section */

/* Begin PBXVariantGroup section */
		A9ABE71922AE765000E663E2 /* LaunchScreen.storyboard */ = {
			isa = PBXVariantGroup;
			children = (
				A9ABE71A22AE765000E663E2 /* Base */,
			);
			name = LaunchScreen.storyboard;
			sourceTree = "<group>";
		};
/* End PBXVariantGroup section */

/* Begin XCBuildConfiguration section */
		A9ABE73322AE765000E663E2 /* Debug */ = {
			isa = XCBuildConfiguration;
			buildSettings = {
				ALWAYS_SEARCH_USER_PATHS = NO;
				CLANG_ANALYZER_NONNULL = YES;
				CLANG_ANALYZER_NUMBER_OBJECT_CONVERSION = YES_AGGRESSIVE;
				CLANG_CXX_LANGUAGE_STANDARD = "gnu++14";
				CLANG_CXX_LIBRARY = "libc++";
				CLANG_ENABLE_MODULES = YES;
				CLANG_ENABLE_OBJC_ARC = YES;
				CLANG_ENABLE_OBJC_WEAK = YES;
				CLANG_WARN_BLOCK_CAPTURE_AUTORELEASING = YES;
				CLANG_WARN_BOOL_CONVERSION = YES;
				CLANG_WARN_COMMA = YES;
				CLANG_WARN_CONSTANT_CONVERSION = YES;
				CLANG_WARN_DEPRECATED_OBJC_IMPLEMENTATIONS = YES;
				CLANG_WARN_DIRECT_OBJC_ISA_USAGE = YES_ERROR;
				CLANG_WARN_DOCUMENTATION_COMMENTS = YES;
				CLANG_WARN_EMPTY_BODY = YES;
				CLANG_WARN_ENUM_CONVERSION = YES;
				CLANG_WARN_INFINITE_RECURSION = YES;
				CLANG_WARN_INT_CONVERSION = YES;
				CLANG_WARN_NON_LITERAL_NULL_CONVERSION = YES;
				CLANG_WARN_OBJC_IMPLICIT_RETAIN_SELF = YES;
				CLANG_WARN_OBJC_LITERAL_CONVERSION = YES;
				CLANG_WARN_OBJC_ROOT_CLASS = YES_ERROR;
				CLANG_WARN_RANGE_LOOP_ANALYSIS = YES;
				CLANG_WARN_STRICT_PROTOTYPES = YES;
				CLANG_WARN_SUSPICIOUS_MOVE = YES;
				CLANG_WARN_UNGUARDED_AVAILABILITY = YES_AGGRESSIVE;
				CLANG_WARN_UNREACHABLE_CODE = YES;
				CLANG_WARN__DUPLICATE_METHOD_MATCH = YES;
				COPY_PHASE_STRIP = NO;
				DEBUG_INFORMATION_FORMAT = dwarf;
				ENABLE_STRICT_OBJC_MSGSEND = YES;
				ENABLE_TESTABILITY = YES;
				GCC_C_LANGUAGE_STANDARD = gnu11;
				GCC_DYNAMIC_NO_PIC = NO;
				GCC_NO_COMMON_BLOCKS = YES;
				GCC_OPTIMIZATION_LEVEL = 0;
				GCC_PREPROCESSOR_DEFINITIONS = (
					"DEBUG=1",
					"$(inherited)",
				);
				GCC_WARN_64_TO_32_BIT_CONVERSION = YES;
				GCC_WARN_ABOUT_RETURN_TYPE = YES_ERROR;
				GCC_WARN_UNDECLARED_SELECTOR = YES;
				GCC_WARN_UNINITIALIZED_AUTOS = YES_AGGRESSIVE;
				GCC_WARN_UNUSED_FUNCTION = YES;
				GCC_WARN_UNUSED_VARIABLE = YES;
				IPHONEOS_DEPLOYMENT_TARGET = 13.0;
				MTL_ENABLE_DEBUG_INFO = INCLUDE_SOURCE;
				MTL_FAST_MATH = YES;
				ONLY_ACTIVE_ARCH = YES;
				SDKROOT = iphoneos;
				SWIFT_ACTIVE_COMPILATION_CONDITIONS = DEBUG;
				SWIFT_OPTIMIZATION_LEVEL = "-Onone";
			};
			name = Debug;
		};
		A9ABE73422AE765000E663E2 /* Release */ = {
			isa = XCBuildConfiguration;
			buildSettings = {
				ALWAYS_SEARCH_USER_PATHS = NO;
				CLANG_ANALYZER_NONNULL = YES;
				CLANG_ANALYZER_NUMBER_OBJECT_CONVERSION = YES_AGGRESSIVE;
				CLANG_CXX_LANGUAGE_STANDARD = "gnu++14";
				CLANG_CXX_LIBRARY = "libc++";
				CLANG_ENABLE_MODULES = YES;
				CLANG_ENABLE_OBJC_ARC = YES;
				CLANG_ENABLE_OBJC_WEAK = YES;
				CLANG_WARN_BLOCK_CAPTURE_AUTORELEASING = YES;
				CLANG_WARN_BOOL_CONVERSION = YES;
				CLANG_WARN_COMMA = YES;
				CLANG_WARN_CONSTANT_CONVERSION = YES;
				CLANG_WARN_DEPRECATED_OBJC_IMPLEMENTATIONS = YES;
				CLANG_WARN_DIRECT_OBJC_ISA_USAGE = YES_ERROR;
				CLANG_WARN_DOCUMENTATION_COMMENTS = YES;
				CLANG_WARN_EMPTY_BODY = YES;
				CLANG_WARN_ENUM_CONVERSION = YES;
				CLANG_WARN_INFINITE_RECURSION = YES;
				CLANG_WARN_INT_CONVERSION = YES;
				CLANG_WARN_NON_LITERAL_NULL_CONVERSION = YES;
				CLANG_WARN_OBJC_IMPLICIT_RETAIN_SELF = YES;
				CLANG_WARN_OBJC_LITERAL_CONVERSION = YES;
				CLANG_WARN_OBJC_ROOT_CLASS = YES_ERROR;
				CLANG_WARN_RANGE_LOOP_ANALYSIS = YES;
				CLANG_WARN_STRICT_PROTOTYPES = YES;
				CLANG_WARN_SUSPICIOUS_MOVE = YES;
				CLANG_WARN_UNGUARDED_AVAILABILITY = YES_AGGRESSIVE;
				CLANG_WARN_UNREACHABLE_CODE = YES;
				CLANG_WARN__DUPLICATE_METHOD_MATCH = YES;
				COPY_PHASE_STRIP = NO;
				DEBUG_INFORMATION_FORMAT = "dwarf-with-dsym";
				ENABLE_NS_ASSERTIONS = NO;
				ENABLE_STRICT_OBJC_MSGSEND = YES;
				GCC_C_LANGUAGE_STANDARD = gnu11;
				GCC_NO_COMMON_BLOCKS = YES;
				GCC_WARN_64_TO_32_BIT_CONVERSION = YES;
				GCC_WARN_ABOUT_RETURN_TYPE = YES_ERROR;
				GCC_WARN_UNDECLARED_SELECTOR = YES;
				GCC_WARN_UNINITIALIZED_AUTOS = YES_AGGRESSIVE;
				GCC_WARN_UNUSED_FUNCTION = YES;
				GCC_WARN_UNUSED_VARIABLE = YES;
				IPHONEOS_DEPLOYMENT_TARGET = 13.0;
				MTL_ENABLE_DEBUG_INFO = NO;
				MTL_FAST_MATH = YES;
				SDKROOT = iphoneos;
				SWIFT_COMPILATION_MODE = wholemodule;
				SWIFT_OPTIMIZATION_LEVEL = "-O";
				VALIDATE_PRODUCT = YES;
			};
			name = Release;
		};
		A9ABE73622AE765000E663E2 /* Debug */ = {
			isa = XCBuildConfiguration;
			buildSettings = {
				ASSETCATALOG_COMPILER_APPICON_NAME = AppIcon;
				CODE_SIGN_STYLE = Automatic;
				DEVELOPMENT_ASSET_PATHS = "TheMovieDB/Preview\\ Content";
				ENABLE_PREVIEWS = YES;
				INFOPLIST_FILE = "$(SRCROOT)/Resources/Info.plist";
				LD_RUNPATH_SEARCH_PATHS = (
					"$(inherited)",
					"@executable_path/Frameworks",
				);
				PRODUCT_BUNDLE_IDENTIFIER = codes.unicore.TheMovieDB;
				PRODUCT_NAME = "$(TARGET_NAME)";
				SWIFT_VERSION = 5.0;
				TARGETED_DEVICE_FAMILY = "1,2";
			};
			name = Debug;
		};
		A9ABE73722AE765000E663E2 /* Release */ = {
			isa = XCBuildConfiguration;
			buildSettings = {
				ASSETCATALOG_COMPILER_APPICON_NAME = AppIcon;
				CODE_SIGN_STYLE = Automatic;
				DEVELOPMENT_ASSET_PATHS = "TheMovieDB/Preview\\ Content";
				ENABLE_PREVIEWS = YES;
				INFOPLIST_FILE = "$(SRCROOT)/Resources/Info.plist";
				LD_RUNPATH_SEARCH_PATHS = (
					"$(inherited)",
					"@executable_path/Frameworks",
				);
				PRODUCT_BUNDLE_IDENTIFIER = codes.unicore.TheMovieDB;
				PRODUCT_NAME = "$(TARGET_NAME)";
				SWIFT_VERSION = 5.0;
				TARGETED_DEVICE_FAMILY = "1,2";
			};
			name = Release;
		};
		A9ABE73922AE765000E663E2 /* Debug */ = {
			isa = XCBuildConfiguration;
			buildSettings = {
				ALWAYS_EMBED_SWIFT_STANDARD_LIBRARIES = YES;
				BUNDLE_LOADER = "$(TEST_HOST)";
				CODE_SIGN_STYLE = Automatic;
				INFOPLIST_FILE = TheMovieDBTests/Info.plist;
				LD_RUNPATH_SEARCH_PATHS = (
					"$(inherited)",
					"@executable_path/Frameworks",
					"@loader_path/Frameworks",
				);
				PRODUCT_BUNDLE_IDENTIFIER = codes.unicore.TheMovieDBTests;
				PRODUCT_NAME = "$(TARGET_NAME)";
				SWIFT_VERSION = 5.0;
				TARGETED_DEVICE_FAMILY = "1,2";
				TEST_HOST = "$(BUILT_PRODUCTS_DIR)/TheMovieDB.app/TheMovieDB";
			};
			name = Debug;
		};
		A9ABE73A22AE765000E663E2 /* Release */ = {
			isa = XCBuildConfiguration;
			buildSettings = {
				ALWAYS_EMBED_SWIFT_STANDARD_LIBRARIES = YES;
				BUNDLE_LOADER = "$(TEST_HOST)";
				CODE_SIGN_STYLE = Automatic;
				INFOPLIST_FILE = TheMovieDBTests/Info.plist;
				LD_RUNPATH_SEARCH_PATHS = (
					"$(inherited)",
					"@executable_path/Frameworks",
					"@loader_path/Frameworks",
				);
				PRODUCT_BUNDLE_IDENTIFIER = codes.unicore.TheMovieDBTests;
				PRODUCT_NAME = "$(TARGET_NAME)";
				SWIFT_VERSION = 5.0;
				TARGETED_DEVICE_FAMILY = "1,2";
				TEST_HOST = "$(BUILT_PRODUCTS_DIR)/TheMovieDB.app/TheMovieDB";
			};
			name = Release;
		};
		A9ABE73C22AE765000E663E2 /* Debug */ = {
			isa = XCBuildConfiguration;
			buildSettings = {
				ALWAYS_EMBED_SWIFT_STANDARD_LIBRARIES = YES;
				CODE_SIGN_STYLE = Automatic;
				INFOPLIST_FILE = TheMovieDBUITests/Info.plist;
				LD_RUNPATH_SEARCH_PATHS = (
					"$(inherited)",
					"@executable_path/Frameworks",
					"@loader_path/Frameworks",
				);
				PRODUCT_BUNDLE_IDENTIFIER = codes.unicore.TheMovieDBUITests;
				PRODUCT_NAME = "$(TARGET_NAME)";
				SWIFT_VERSION = 5.0;
				TARGETED_DEVICE_FAMILY = "1,2";
				TEST_TARGET_NAME = TheMovieDB;
			};
			name = Debug;
		};
		A9ABE73D22AE765000E663E2 /* Release */ = {
			isa = XCBuildConfiguration;
			buildSettings = {
				ALWAYS_EMBED_SWIFT_STANDARD_LIBRARIES = YES;
				CODE_SIGN_STYLE = Automatic;
				INFOPLIST_FILE = TheMovieDBUITests/Info.plist;
				LD_RUNPATH_SEARCH_PATHS = (
					"$(inherited)",
					"@executable_path/Frameworks",
					"@loader_path/Frameworks",
				);
				PRODUCT_BUNDLE_IDENTIFIER = codes.unicore.TheMovieDBUITests;
				PRODUCT_NAME = "$(TARGET_NAME)";
				SWIFT_VERSION = 5.0;
				TARGETED_DEVICE_FAMILY = "1,2";
				TEST_TARGET_NAME = TheMovieDB;
			};
			name = Release;
		};
/* End XCBuildConfiguration section */

/* Begin XCConfigurationList section */
		A9ABE70622AE764F00E663E2 /* Build configuration list for PBXProject "TheMovieDB" */ = {
			isa = XCConfigurationList;
			buildConfigurations = (
				A9ABE73322AE765000E663E2 /* Debug */,
				A9ABE73422AE765000E663E2 /* Release */,
			);
			defaultConfigurationIsVisible = 0;
			defaultConfigurationName = Release;
		};
		A9ABE73522AE765000E663E2 /* Build configuration list for PBXNativeTarget "TheMovieDB" */ = {
			isa = XCConfigurationList;
			buildConfigurations = (
				A9ABE73622AE765000E663E2 /* Debug */,
				A9ABE73722AE765000E663E2 /* Release */,
			);
			defaultConfigurationIsVisible = 0;
			defaultConfigurationName = Release;
		};
		A9ABE73822AE765000E663E2 /* Build configuration list for PBXNativeTarget "TheMovieDBTests" */ = {
			isa = XCConfigurationList;
			buildConfigurations = (
				A9ABE73922AE765000E663E2 /* Debug */,
				A9ABE73A22AE765000E663E2 /* Release */,
			);
			defaultConfigurationIsVisible = 0;
			defaultConfigurationName = Release;
		};
		A9ABE73B22AE765000E663E2 /* Build configuration list for PBXNativeTarget "TheMovieDBUITests" */ = {
			isa = XCConfigurationList;
			buildConfigurations = (
				A9ABE73C22AE765000E663E2 /* Debug */,
				A9ABE73D22AE765000E663E2 /* Release */,
			);
			defaultConfigurationIsVisible = 0;
			defaultConfigurationName = Release;
		};
/* End XCConfigurationList section */
	};
	rootObject = A9ABE70322AE764F00E663E2 /* Project object */;
}
